{
    "_meta": {
        "hash": {
            "sha256": "86658c6327f70e7f81eee19350a5d4e7e0fa923726d7f8c409469d6131366c1d"
        },
        "pipfile-spec": 6,
        "requires": {
            "python_version": "3.6"
        },
        "sources": [
            {
                "name": "pypi",
                "url": "https://pypi.python.org/simple",
                "verify_ssl": true
            }
        ]
    },
    "default": {
        "appdirs": {
            "hashes": [
                "sha256:9e5896d1372858f8dd3344faf4e5014d21849c756c8d5701f78f8a103b372d92",
                "sha256:d8b24664561d0d34ddfaec54636d502d7cea6e29c3eaf68f3df6180863e2166e"
            ],
            "version": "==1.4.3"
        },
        "certifi": {
            "hashes": [
                "sha256:14131608ad2fd56836d33a71ee60fa1c82bc9d2c8d98b7bdbc631fe1b3cd1296",
                "sha256:edbc3f203427eef571f79a7692bb160a2b0f7ccaa31953e99bd17e307cf63f7d"
            ],
            "version": "==2018.1.18"
        },
        "chardet": {
            "hashes": [
                "sha256:84ab92ed1c4d4f16916e05906b6b75a6c0fb5db821cc65e70cbd64a3e2a5eaae",
                "sha256:fc323ffcaeaed0e0a02bf4d117757b98aed530d9ed4531e3e15460124c106691"
            ],
            "version": "==3.0.4"
        },
        "configargparse": {
            "hashes": [
                "sha256:e6441aa58e23d3d122055808e5e2220fd742dff6e1e51082d2a4e4ed145dd788"
            ],
            "version": "==0.13.0"
        },
        "datrie": {
            "hashes": [
                "sha256:03c5a8516fc878aeed313c3d3ab71a3c254140fe7d43721809f5b260ed4a7cae",
                "sha256:0f5ff34c21c1d04b19d2fb1f07a1eff8790f29887ed19e5ddd3ebcf3c4727c12",
                "sha256:21a07b4754284cba3f45f3fd618a5d7d2b52d9609258a32177be553d900eb482",
                "sha256:740f510869536fe05b35ca5ae82a107a77ebb298a9829650d4c776d418737454",
                "sha256:7a11371cc2dbbad71d6dfef57ced6e8b384bb377eeb847c63d58f8dc8e8b2023",
                "sha256:7edf889caf0afa625a797c5e19aea3290f202493838119e7ce0015801c8ad38a",
                "sha256:7f2caf5a4f96af984d01b75b625bb6239eef0cab7e0ae99b6b9461bb97b25730",
                "sha256:81d8059fdeb548f1c3e5c3d68f7768be124730d65ca68a6bb49b17a2d8d72375",
                "sha256:84dd2f2f390ff477f341feb6e71fad5bb5782b03df350135fde8698f9acecf89",
                "sha256:caf32926bf822cd0213c0b7f2d20179f638eb8845e3b97ad15c4df35d5b3b504",
                "sha256:ec3405496cc859b573b3c1c082229a7559fdab54a6a3d5a457e49a6e39df0e3e"
            ],
            "version": "==0.7.1"
        },
        "docutils": {
            "hashes": [
                "sha256:02aec4bd92ab067f6ff27a38a38a41173bf01bed8f89157768c1573f53e474a6",
                "sha256:51e64ef2ebfb29cae1faa133b3710143496eca21c530f3f71424d77687764274",
                "sha256:7a4bd47eaf6596e1295ecb11361139febe29b084a87bf005bf899f9a42edc3c6"
            ],
            "index": "pypi",
            "version": "==0.14"
        },
        "idna": {
            "hashes": [
                "sha256:2c6a5de3089009e3da7c5dde64a141dbc8551d5b7f6cf4ed7c2568d0cc520a8f",
                "sha256:8c7309c718f94b3a625cb648ace320157ad16ff131ae0af362c9f21b80ef6ec4"
            ],
            "version": "==2.6"
        },
        "pyyaml": {
            "hashes": [
                "sha256:0c507b7f74b3d2dd4d1322ec8a94794927305ab4cebbe89cc47fe5e81541e6e8",
                "sha256:16b20e970597e051997d90dc2cddc713a2876c47e3d92d59ee198700c5427736",
                "sha256:3262c96a1ca437e7e4763e2843746588a965426550f3797a79fca9c6199c431f",
                "sha256:326420cbb492172dec84b0f65c80942de6cedb5233c413dd824483989c000608",
                "sha256:4474f8ea030b5127225b8894d626bb66c01cda098d47a2b0d3429b6700af9fd8",
                "sha256:592766c6303207a20efc445587778322d7f73b161bd994f227adaa341ba212ab",
                "sha256:5ac82e411044fb129bae5cfbeb3ba626acb2af31a8d17d175004b70862a741a7",
                "sha256:5f84523c076ad14ff5e6c037fe1c89a7f73a3e04cf0377cb4d017014976433f3",
                "sha256:827dc04b8fa7d07c44de11fabbc888e627fa8293b695e0f99cb544fdfa1bf0d1",
                "sha256:b4c423ab23291d3945ac61346feeb9a0dc4184999ede5e7c43e1ffb975130ae6",
                "sha256:bc6bced57f826ca7cb5125a10b23fd0f2fff3b7c4701d64c439a300ce665fff8",
                "sha256:c01b880ec30b5a6e6aa67b09a2fe3fb30473008c85cd6a67359a1b15ed6d83a4",
                "sha256:ca233c64c6e40eaa6c66ef97058cdc80e8d0157a443655baa1b2966e812807ca",
                "sha256:e863072cdf4c72eebf179342c94e6989c67185842d9997960b3e69290b2fa269"
            ],
            "version": "==3.12"
        },
        "ratelimiter": {
            "hashes": [
                "sha256:5c395dcabdbbde2e5178ef3f89b568a3066454a6ddc223b76473dac22f89b4f7",
                "sha256:a52be07bc0bb0b3674b4b304550f10c769bbb00fead3072e035904474259809f"
            ],
            "version": "==1.2.0.post0"
        },
        "requests": {
            "hashes": [
                "sha256:6a1b267aa90cac58ac3a765d067950e7dbbf75b1da07e895d1f594193a40a38b",
                "sha256:9c443e7324ba5b85070c4a818ade28bfabedf16ea10206da1132edaa6dda237e"
            ],
            "version": "==2.18.4"
        },
        "snakemake": {
            "hashes": [
                "sha256:778b7edfc29fb45356e0ab1059ad3d3255baf074996a274f25a5e34f11580aee"
            ],
            "index": "pypi",
            "version": "==4.8.0"
        },
        "urllib3": {
            "hashes": [
                "sha256:06330f386d6e4b195fbfc736b297f58c5a892e4440e54d294d7004e3a9bbea1b",
                "sha256:cc44da8e1145637334317feebd728bd869a35285b93cbb4cca2577da7e62db4f"
            ],
            "version": "==1.22"
        },
        "wrapt": {
            "hashes": [
                "sha256:d4d560d479f2c21e1b5443bbd15fe7ec4b37fe7e53d335d3b9b0a7b1226fe3c6"
            ],
            "version": "==1.10.11"
        }
    },
    "develop": {}
}
